{
  "version": 4,
  "terraform_version": "1.1.6",
  "serial": 8,
  "lineage": "6b1f8f0b-da19-f4bd-5a91-969e77c93967",
  "outputs": {},
  "resources": [
    {
      "mode": "managed",
      "type": "azurerm_app_service",
      "name": "thepreetrs",
      "provider": "provider[\"registry.terraform.io/hashicorp/azurerm\"]",
      "instances": [
        {
          "schema_version": 0,
          "attributes": {
            "app_service_plan_id": "/subscriptions/726da2c2-c9f6-4895-9ae7-5be42c6e0bc6/resourceGroups/api-rg-pro/providers/Microsoft.Web/serverfarms/api-appserviceplan-pro",
            "app_settings": {
              "WEBSITE_NODE_DEFAULT_VERSION": "6.9.1"
            },
            "auth_settings": [
              {
                "active_directory": [],
                "additional_login_params": {},
                "allowed_external_redirect_urls": [],
                "default_provider": "",
                "enabled": false,
                "facebook": [],
                "google": [],
                "issuer": "",
                "microsoft": [],
                "runtime_version": "",
                "token_refresh_extension_hours": 0,
                "token_store_enabled": false,
                "twitter": [],
                "unauthenticated_client_action": ""
              }
            ],
            "backup": [],
            "client_affinity_enabled": false,
            "client_cert_enabled": false,
            "client_cert_mode": "Required",
            "connection_string": [],
            "custom_domain_verification_id": "C7DA66743E9B08F614E7FF7D754C8E4112E8FFF8246DF53CE3B39D0246E45EFD",
            "default_site_hostname": "thepreetrs-app-service.azurewebsites.net",
            "enabled": true,
            "https_only": false,
            "id": "/subscriptions/726da2c2-c9f6-4895-9ae7-5be42c6e0bc6/resourceGroups/api-rg-pro/providers/Microsoft.Web/sites/thepreetrs-app-service",
            "identity": [],
            "key_vault_reference_identity_id": "SystemAssigned",
            "location": "westeurope",
            "logs": [
              {
                "application_logs": [
                  {
                    "azure_blob_storage": [],
                    "file_system_level": "Off"
                  }
                ],
                "detailed_error_messages_enabled": false,
                "failed_request_tracing_enabled": false,
                "http_logs": [
                  {
                    "azure_blob_storage": [],
                    "file_system": []
                  }
                ]
              }
            ],
            "name": "thepreetrs-app-service",
            "outbound_ip_address_list": [
              "20.93.248.193",
              "20.93.249.233",
              "20.93.250.23",
              "20.93.250.177",
              "20.93.251.228",
              "20.93.252.205",
              "20.105.224.5"
            ],
            "outbound_ip_addresses": "20.93.248.193,20.93.249.233,20.93.250.23,20.93.250.177,20.93.251.228,20.93.252.205,20.105.224.5",
            "possible_outbound_ip_address_list": [
              "20.93.248.193",
              "20.93.249.233",
              "20.93.250.23",
              "20.93.250.177",
              "20.93.251.228",
              "20.93.252.205",
              "20.93.254.169",
              "20.93.254.244",
              "20.93.255.138",
              "20.93.255.143",
              "20.93.255.176",
              "20.93.255.230",
              "20.103.200.41",
              "20.103.200.67",
              "20.103.200.78",
              "20.103.200.108",
              "20.103.200.152",
              "20.103.200.178",
              "20.103.201.17",
              "20.103.201.61",
              "20.103.201.95",
              "20.103.201.115",
              "20.93.248.7",
              "20.103.201.158",
              "20.103.202.38",
              "20.93.252.215",
              "20.103.202.147",
              "20.103.202.176",
              "20.103.202.227",
              "20.93.251.71",
              "20.105.224.5"
            ],
            "possible_outbound_ip_addresses": "20.93.248.193,20.93.249.233,20.93.250.23,20.93.250.177,20.93.251.228,20.93.252.205,20.93.254.169,20.93.254.244,20.93.255.138,20.93.255.143,20.93.255.176,20.93.255.230,20.103.200.41,20.103.200.67,20.103.200.78,20.103.200.108,20.103.200.152,20.103.200.178,20.103.201.17,20.103.201.61,20.103.201.95,20.103.201.115,20.93.248.7,20.103.201.158,20.103.202.38,20.93.252.215,20.103.202.147,20.103.202.176,20.103.202.227,20.93.251.71,20.105.224.5",
            "resource_group_name": "api-rg-pro",
            "site_config": [
              {
                "acr_use_managed_identity_credentials": false,
                "acr_user_managed_identity_client_id": "",
                "always_on": false,
                "app_command_line": "",
                "auto_swap_slot_name": "",
                "cors": [],
                "default_documents": [
                  "Default.htm",
                  "Default.html",
                  "Default.asp",
                  "index.htm",
                  "index.html",
                  "iisstart.htm",
                  "default.aspx",
                  "index.php",
                  "hostingstart.html"
                ],
                "dotnet_framework_version": "v4.0",
                "ftps_state": "AllAllowed",
                "health_check_path": "",
                "http2_enabled": false,
                "ip_restriction": [],
                "java_container": "",
                "java_container_version": "",
                "java_version": "",
                "linux_fx_version": "",
                "local_mysql_enabled": false,
                "managed_pipeline_mode": "Integrated",
                "min_tls_version": "1.2",
                "number_of_workers": 1,
                "php_version": "5.6",
                "python_version": "",
                "remote_debugging_enabled": false,
                "remote_debugging_version": "",
                "scm_ip_restriction": [],
                "scm_type": "None",
                "scm_use_main_ip_restriction": false,
                "use_32_bit_worker_process": true,
                "vnet_route_all_enabled": false,
                "websockets_enabled": false,
                "windows_fx_version": ""
              }
            ],
            "site_credential": [
              {
                "password": "yY4NMPi3Q3PRbfkfM99SsilA650oGhbnqJSTgtpwisrrrtemJlhreFF59krm",
                "username": "$thepreetrs-app-service"
              }
            ],
            "source_control": [
              {
                "branch": "master",
                "manual_integration": false,
                "repo_url": "",
                "rollback_enabled": false,
                "use_mercurial": false
              }
            ],
            "storage_account": [],
            "tags": null,
            "timeouts": null
          },
          "sensitive_attributes": [],
          "private": "eyJlMmJmYjczMC1lY2FhLTExZTYtOGY4OC0zNDM2M2JjN2M0YzAiOnsiY3JlYXRlIjoxODAwMDAwMDAwMDAwLCJkZWxldGUiOjE4MDAwMDAwMDAwMDAsInJlYWQiOjMwMDAwMDAwMDAwMCwidXBkYXRlIjoxODAwMDAwMDAwMDAwfX0=",
          "dependencies": [
            "azurerm_app_service_plan.thepreetrs",
            "azurerm_resource_group.thepreetrs"
          ]
        }
      ]
    },
    {
      "mode": "managed",
      "type": "azurerm_app_service_plan",
      "name": "thepreetrs",
      "provider": "provider[\"registry.terraform.io/hashicorp/azurerm\"]",
      "instances": [
        {
          "schema_version": 0,
          "attributes": {
            "app_service_environment_id": "",
            "id": "/subscriptions/726da2c2-c9f6-4895-9ae7-5be42c6e0bc6/resourceGroups/api-rg-pro/providers/Microsoft.Web/serverfarms/api-appserviceplan-pro",
            "is_xenon": false,
            "kind": "Windows",
            "location": "westeurope",
            "maximum_elastic_worker_count": 1,
            "maximum_number_of_workers": 10,
            "name": "api-appserviceplan-pro",
            "per_site_scaling": false,
            "reserved": false,
            "resource_group_name": "api-rg-pro",
            "sku": [
              {
                "capacity": 1,
                "size": "S1",
                "tier": "Standard"
              }
            ],
            "tags": null,
            "timeouts": null,
            "zone_redundant": false
          },
          "sensitive_attributes": [],
          "private": "eyJlMmJmYjczMC1lY2FhLTExZTYtOGY4OC0zNDM2M2JjN2M0YzAiOnsiY3JlYXRlIjozNjAwMDAwMDAwMDAwLCJkZWxldGUiOjM2MDAwMDAwMDAwMDAsInJlYWQiOjMwMDAwMDAwMDAwMCwidXBkYXRlIjozNjAwMDAwMDAwMDAwfX0=",
          "dependencies": [
            "azurerm_resource_group.thepreetrs"
          ]
        }
      ]
    },
    {
      "mode": "managed",
      "type": "azurerm_resource_group",
      "name": "rg",
      "provider": "provider[\"registry.terraform.io/hashicorp/azurerm\"]",
      "instances": [
        {
          "schema_version": 0,
          "attributes": {
            "id": "/subscriptions/726da2c2-c9f6-4895-9ae7-5be42c6e0bc6/resourceGroups/rg_gurpreet_dev",
            "location": "westeurope",
            "name": "rg_gurpreet_dev",
            "tags": null,
            "timeouts": null
          },
          "sensitive_attributes": [],
          "private": "eyJlMmJmYjczMC1lY2FhLTExZTYtOGY4OC0zNDM2M2JjN2M0YzAiOnsiY3JlYXRlIjo1NDAwMDAwMDAwMDAwLCJkZWxldGUiOjU0MDAwMDAwMDAwMDAsInJlYWQiOjMwMDAwMDAwMDAwMCwidXBkYXRlIjo1NDAwMDAwMDAwMDAwfX0="
        }
      ]
    },
    {
      "mode": "managed",
      "type": "azurerm_resource_group",
      "name": "rg2",
      "provider": "provider[\"registry.terraform.io/hashicorp/azurerm\"]",
      "instances": [
        {
          "schema_version": 0,
          "attributes": {
            "id": "/subscriptions/726da2c2-c9f6-4895-9ae7-5be42c6e0bc6/resourceGroups/rg_gurpreet_qa",
            "location": "westeurope",
            "name": "rg_gurpreet_qa",
            "tags": null,
            "timeouts": null
          },
          "sensitive_attributes": [],
          "private": "eyJlMmJmYjczMC1lY2FhLTExZTYtOGY4OC0zNDM2M2JjN2M0YzAiOnsiY3JlYXRlIjo1NDAwMDAwMDAwMDAwLCJkZWxldGUiOjU0MDAwMDAwMDAwMDAsInJlYWQiOjMwMDAwMDAwMDAwMCwidXBkYXRlIjo1NDAwMDAwMDAwMDAwfX0="
        }
      ]
    },
    {
      "mode": "managed",
      "type": "azurerm_resource_group",
      "name": "thepreetrs",
      "provider": "provider[\"registry.terraform.io/hashicorp/azurerm\"]",
      "instances": [
        {
          "schema_version": 0,
          "attributes": {
            "id": "/subscriptions/726da2c2-c9f6-4895-9ae7-5be42c6e0bc6/resourceGroups/api-rg-pro",
            "location": "westeurope",
            "name": "api-rg-pro",
            "tags": null,
            "timeouts": null
          },
          "sensitive_attributes": [],
          "private": "eyJlMmJmYjczMC1lY2FhLTExZTYtOGY4OC0zNDM2M2JjN2M0YzAiOnsiY3JlYXRlIjo1NDAwMDAwMDAwMDAwLCJkZWxldGUiOjU0MDAwMDAwMDAwMDAsInJlYWQiOjMwMDAwMDAwMDAwMCwidXBkYXRlIjo1NDAwMDAwMDAwMDAwfX0="
        }
      ]
    },
    {
      "mode": "managed",
      "type": "azurerm_storage_account",
      "name": "thepreetrs",
      "provider": "provider[\"registry.terraform.io/hashicorp/azurerm\"]",
      "instances": [
        {
          "schema_version": 2,
          "attributes": {
            "access_tier": "Hot",
            "account_kind": "StorageV2",
            "account_replication_type": "GRS",
            "account_tier": "Standard",
            "allow_blob_public_access": false,
            "azure_files_authentication": [],
            "blob_properties": [
              {
                "change_feed_enabled": false,
                "container_delete_retention_policy": [],
                "cors_rule": [],
                "default_service_version": "",
                "delete_retention_policy": [],
                "last_access_time_enabled": false,
                "versioning_enabled": false
              }
            ],
            "custom_domain": [],
            "customer_managed_key": [],
            "enable_https_traffic_only": true,
            "id": "/subscriptions/726da2c2-c9f6-4895-9ae7-5be42c6e0bc6/resourceGroups/api-rg-pro/providers/Microsoft.Storage/storageAccounts/ipreetstaragwe",
            "identity": [],
            "infrastructure_encryption_enabled": false,
            "is_hns_enabled": false,
            "large_file_share_enabled": null,
            "location": "westeurope",
            "min_tls_version": "TLS1_0",
            "name": "ipreetstaragwe",
            "network_rules": [
              {
                "bypass": [
                  "AzureServices"
                ],
                "default_action": "Allow",
                "ip_rules": [],
                "private_link_access": [],
                "virtual_network_subnet_ids": []
              }
            ],
            "nfsv3_enabled": false,
            "primary_access_key": "Fwxf+ZlE+jxURa6tSJ8SJkXjNQgHFkIpDH+d6FqRxa779eg61BxXctGPFnqkGSL3RP7DZgllRNiZBjRPcz8+uw==",
            "primary_blob_connection_string": "DefaultEndpointsProtocol=https;BlobEndpoint=https://ipreetstaragwe.blob.core.windows.net/;AccountName=ipreetstaragwe;AccountKey=Fwxf+ZlE+jxURa6tSJ8SJkXjNQgHFkIpDH+d6FqRxa779eg61BxXctGPFnqkGSL3RP7DZgllRNiZBjRPcz8+uw==",
            "primary_blob_endpoint": "https://ipreetstaragwe.blob.core.windows.net/",
            "primary_blob_host": "ipreetstaragwe.blob.core.windows.net",
            "primary_connection_string": "DefaultEndpointsProtocol=https;AccountName=ipreetstaragwe;AccountKey=Fwxf+ZlE+jxURa6tSJ8SJkXjNQgHFkIpDH+d6FqRxa779eg61BxXctGPFnqkGSL3RP7DZgllRNiZBjRPcz8+uw==;EndpointSuffix=core.windows.net",
            "primary_dfs_endpoint": "https://ipreetstaragwe.dfs.core.windows.net/",
            "primary_dfs_host": "ipreetstaragwe.dfs.core.windows.net",
            "primary_file_endpoint": "https://ipreetstaragwe.file.core.windows.net/",
            "primary_file_host": "ipreetstaragwe.file.core.windows.net",
            "primary_location": "westeurope",
            "primary_queue_endpoint": "https://ipreetstaragwe.queue.core.windows.net/",
            "primary_queue_host": "ipreetstaragwe.queue.core.windows.net",
            "primary_table_endpoint": "https://ipreetstaragwe.table.core.windows.net/",
            "primary_table_host": "ipreetstaragwe.table.core.windows.net",
            "primary_web_endpoint": "https://ipreetstaragwe.z6.web.core.windows.net/",
            "primary_web_host": "ipreetstaragwe.z6.web.core.windows.net",
            "queue_encryption_key_type": "Service",
            "queue_properties": [
              {
                "cors_rule": [],
                "hour_metrics": [
                  {
                    "enabled": true,
                    "include_apis": true,
                    "retention_policy_days": 7,
                    "version": "1.0"
                  }
                ],
                "logging": [
                  {
                    "delete": false,
                    "read": false,
                    "retention_policy_days": 0,
                    "version": "1.0",
                    "write": false
                  }
                ],
                "minute_metrics": [
                  {
                    "enabled": false,
                    "include_apis": false,
                    "retention_policy_days": 0,
                    "version": "1.0"
                  }
                ]
              }
            ],
            "resource_group_name": "api-rg-pro",
            "routing": [],
            "secondary_access_key": "8kgHgl2Yp8xByO4Vsi2m/cJAhfwMp+F49xbbTxWHDhfkW0UscVSOKa0IXcbHtKHzclyNymnMEGgWzQdYIpV/xg==",
            "secondary_blob_connection_string": "",
            "secondary_blob_endpoint": null,
            "secondary_blob_host": null,
            "secondary_connection_string": "DefaultEndpointsProtocol=https;AccountName=ipreetstaragwe;AccountKey=8kgHgl2Yp8xByO4Vsi2m/cJAhfwMp+F49xbbTxWHDhfkW0UscVSOKa0IXcbHtKHzclyNymnMEGgWzQdYIpV/xg==;EndpointSuffix=core.windows.net",
            "secondary_dfs_endpoint": null,
            "secondary_dfs_host": null,
            "secondary_file_endpoint": null,
            "secondary_file_host": null,
            "secondary_location": "northeurope",
            "secondary_queue_endpoint": null,
            "secondary_queue_host": null,
            "secondary_table_endpoint": null,
            "secondary_table_host": null,
            "secondary_web_endpoint": null,
            "secondary_web_host": null,
            "share_properties": [
              {
                "cors_rule": [],
                "retention_policy": [
                  {
                    "days": 7
                  }
                ],
                "smb": []
              }
            ],
            "shared_access_key_enabled": true,
            "static_website": [],
            "table_encryption_key_type": "Service",
            "tags": {
              "environment": "preet"
            },
            "timeouts": null
          },
          "sensitive_attributes": [],
          "private": "eyJlMmJmYjczMC1lY2FhLTExZTYtOGY4OC0zNDM2M2JjN2M0YzAiOnsiY3JlYXRlIjozNjAwMDAwMDAwMDAwLCJkZWxldGUiOjM2MDAwMDAwMDAwMDAsInJlYWQiOjMwMDAwMDAwMDAwMCwidXBkYXRlIjozNjAwMDAwMDAwMDAwfSwic2NoZW1hX3ZlcnNpb24iOiIyIn0=",
          "dependencies": [
            "azurerm_resource_group.thepreetrs"
          ]
        }
      ]
    }
  ]
}
